
Microsoft Visual Studio Solution File, Format Version 12.00
# Visual Studio Version 16
VisualStudioVersion = 16.0.29326.143
MinimumVisualStudioVersion = 10.0.40219.1
Project("{FAE04EC0-301F-11D3-BF4B-00C04F79EFBC}") = "MoveFilesBackup", "MoveFilesBackup\MoveFilesBackup.csproj", "{817BDA90-EC96-42E3-A8D2-1B9E18E90605}"
EndProject
Global
	GlobalSection(SolutionConfigurationPlatforms) = preSolution
		Debug|Any CPU = Debug|Any CPU
		Release|Any CPU = Release|Any CPU
	EndGlobalSection
	GlobalSection(ProjectConfigurationPlatforms) = postSolution
		{817BDA90-EC96-42E3-A8D2-1B9E18E90605}.Debug|Any CPU.ActiveCfg = Debug|Any CPU
		{817BDA90-EC96-42E3-A8D2-1B9E18E90605}.Debug|Any CPU.Build.0 = Debug|Any CPU
		{817BDA90-EC96-42E3-A8D2-1B9E18E90605}.Release|Any CPU.ActiveCfg = Release|Any CPU
		{817BDA90-EC96-42E3-A8D2-1B9E18E90605}.Release|Any CPU.Build.0 = Release|Any CPU
	EndGlobalSection
	GlobalSection(SolutionProperties) = preSolution
		HideSolutionNode = FALSE
	EndGlobalSection
	GlobalSection(ExtensibilityGlobals) = postSolution
		SolutionGuid = {E9046063-2931-462B-ACC4-818CDB242F94}
	EndGlobalSection
EndGlobal
